
Microsoft Visual Studio Solution File, Format Version 12.00
Project("{FAE04EC0-301F-11D3-BF4B-00C04F79EFBC}") = "Zlepper.RimWorld.FastFarm", "Zlepper.RimWorld.FastFarm\Zlepper.RimWorld.FastFarm.csproj", "{38967860-8205-4B71-849E-8E094840FBEA}"
EndProject
Global
	GlobalSection(SolutionConfigurationPlatforms) = preSolution
		Debug|Any CPU = Debug|Any CPU
		Release|Any CPU = Release|Any CPU
	EndGlobalSection
	GlobalSection(ProjectConfigurationPlatforms) = postSolution
		{38967860-8205-4B71-849E-8E094840FBEA}.Debug|Any CPU.ActiveCfg = Debug|Any CPU
		{38967860-8205-4B71-849E-8E094840FBEA}.Debug|Any CPU.Build.0 = Debug|Any CPU
		{38967860-8205-4B71-849E-8E094840FBEA}.Release|Any CPU.ActiveCfg = Release|Any CPU
		{38967860-8205-4B71-849E-8E094840FBEA}.Release|Any CPU.Build.0 = Release|Any CPU
	EndGlobalSection
EndGlobal
